
Microsoft Visual Studio Solution File, Format Version 12.00
# Visual Studio Version 17
VisualStudioVersion = 17.13.35806.99 d17.13
MinimumVisualStudioVersion = 10.0.40219.1
Project("{FAE04EC0-301F-11D3-BF4B-00C04F79EFBC}") = "CrudT3", "CrudT3\CrudT3.csproj", "{35BE4288-7BCC-4AAD-AE31-791483BA8BBF}"
EndProject
Global
	GlobalSection(SolutionConfigurationPlatforms) = preSolution
		Debug|Any CPU = Debug|Any CPU
		Release|Any CPU = Release|Any CPU
	EndGlobalSection
	GlobalSection(ProjectConfigurationPlatforms) = postSolution
		{35BE4288-7BCC-4AAD-AE31-791483BA8BBF}.Debug|Any CPU.ActiveCfg = Debug|Any CPU
		{35BE4288-7BCC-4AAD-AE31-791483BA8BBF}.Debug|Any CPU.Build.0 = Debug|Any CPU
		{35BE4288-7BCC-4AAD-AE31-791483BA8BBF}.Release|Any CPU.ActiveCfg = Release|Any CPU
		{35BE4288-7BCC-4AAD-AE31-791483BA8BBF}.Release|Any CPU.Build.0 = Release|Any CPU
	EndGlobalSection
	GlobalSection(SolutionProperties) = preSolution
		HideSolutionNode = FALSE
	EndGlobalSection
	GlobalSection(ExtensibilityGlobals) = postSolution
		SolutionGuid = {F248B539-08B3-4E77-B960-BAC01F4AAB67}
	EndGlobalSection
EndGlobal
